
Microsoft Visual Studio Solution File, Format Version 12.00
# Visual Studio Version 17
VisualStudioVersion = 17.3.32929.385
MinimumVisualStudioVersion = 10.0.40219.1
Project("{FAE04EC0-301F-11D3-BF4B-00C04F79EFBC}") = "RoleD", "RoleD\RoleD.csproj", "{80E17227-4FC1-4DCE-89F6-F16BB07CAED1}"
EndProject
Global
	GlobalSection(SolutionConfigurationPlatforms) = preSolution
		Debug|Any CPU = Debug|Any CPU
		Release|Any CPU = Release|Any CPU
	EndGlobalSection
	GlobalSection(ProjectConfigurationPlatforms) = postSolution
		{80E17227-4FC1-4DCE-89F6-F16BB07CAED1}.Debug|Any CPU.ActiveCfg = Debug|Any CPU
		{80E17227-4FC1-4DCE-89F6-F16BB07CAED1}.Debug|Any CPU.Build.0 = Debug|Any CPU
		{80E17227-4FC1-4DCE-89F6-F16BB07CAED1}.Release|Any CPU.ActiveCfg = Release|Any CPU
		{80E17227-4FC1-4DCE-89F6-F16BB07CAED1}.Release|Any CPU.Build.0 = Release|Any CPU
	EndGlobalSection
	GlobalSection(SolutionProperties) = preSolution
		HideSolutionNode = FALSE
	EndGlobalSection
	GlobalSection(ExtensibilityGlobals) = postSolution
		SolutionGuid = {38C672B0-D083-4BB0-9A1F-36F138DAF254}
	EndGlobalSection
EndGlobal
